// !$*UTF8*$!
{
	archiveVersion = 1;
	classes = {
	};
	objectVersion = 56;
	objects = {

/* Begin PBXBuildFile section */
		721C7E7B2920EC980077793F /* AppDelegate.swift in Sources */ = {isa = PBXBuildFile; fileRef = 721C7E7A2920EC980077793F /* AppDelegate.swift */; };
		721C7E842920EC990077793F /* Assets.xcassets in Resources */ = {isa = PBXBuildFile; fileRef = 721C7E832920EC990077793F /* Assets.xcassets */; };
		721C7E872920EC990077793F /* LaunchScreen.storyboard in Resources */ = {isa = PBXBuildFile; fileRef = 721C7E852920EC990077793F /* LaunchScreen.storyboard */; };
		721C7E912920ED840077793F /* LoginVC.swift in Sources */ = {isa = PBXBuildFile; fileRef = 721C7E8F2920ED840077793F /* LoginVC.swift */; };
		721C7E922920ED840077793F /* LoginVC.xib in Resources */ = {isa = PBXBuildFile; fileRef = 721C7E902920ED840077793F /* LoginVC.xib */; };
		721C7E952920ED940077793F /* MenuVC.swift in Sources */ = {isa = PBXBuildFile; fileRef = 721C7E932920ED940077793F /* MenuVC.swift */; };
		721C7E962920ED940077793F /* MenuVC.xib in Resources */ = {isa = PBXBuildFile; fileRef = 721C7E942920ED940077793F /* MenuVC.xib */; };
		726AF3D429243CF300CBB12B /* QuestionDM.swift in Sources */ = {isa = PBXBuildFile; fileRef = 726AF3D329243CF300CBB12B /* QuestionDM.swift */; };
		726DE5A429212DE30014FFA0 /* ex+UIView.swift in Sources */ = {isa = PBXBuildFile; fileRef = 726DE5A329212DE30014FFA0 /* ex+UIView.swift */; };
		726DE5A729212E830014FFA0 /* MainVC.swift in Sources */ = {isa = PBXBuildFile; fileRef = 726DE5A529212E830014FFA0 /* MainVC.swift */; };
		726DE5A829212E830014FFA0 /* MainVC.xib in Resources */ = {isa = PBXBuildFile; fileRef = 726DE5A629212E830014FFA0 /* MainVC.xib */; };
		8963280912DAD6B8678A56F2 /* Pods_Testmaster_App.framework in Frameworks */ = {isa = PBXBuildFile; fileRef = 5BF830EE8DD2EDCBB54AC525 /* Pods_Testmaster_App.framework */; };
/* End PBXBuildFile section */

/* Begin PBXFileReference section */
		5BF830EE8DD2EDCBB54AC525 /* Pods_Testmaster_App.framework */ = {isa = PBXFileReference; explicitFileType = wrapper.framework; includeInIndex = 0; path = Pods_Testmaster_App.framework; sourceTree = BUILT_PRODUCTS_DIR; };
		721C7E772920EC980077793F /* Testmaster-App.app */ = {isa = PBXFileReference; explicitFileType = wrapper.application; includeInIndex = 0; path = "Testmaster-App.app"; sourceTree = BUILT_PRODUCTS_DIR; };
		721C7E7A2920EC980077793F /* AppDelegate.swift */ = {isa = PBXFileReference; lastKnownFileType = sourcecode.swift; path = AppDelegate.swift; sourceTree = "<group>"; };
		721C7E832920EC990077793F /* Assets.xcassets */ = {isa = PBXFileReference; lastKnownFileType = folder.assetcatalog; path = Assets.xcassets; sourceTree = "<group>"; };
		721C7E862920EC990077793F /* Base */ = {isa = PBXFileReference; lastKnownFileType = file.storyboard; name = Base; path = Base.lproj/LaunchScreen.storyboard; sourceTree = "<group>"; };
		721C7E882920EC990077793F /* Info.plist */ = {isa = PBXFileReference; lastKnownFileType = text.plist.xml; path = Info.plist; sourceTree = "<group>"; };
		721C7E8F2920ED840077793F /* LoginVC.swift */ = {isa = PBXFileReference; lastKnownFileType = sourcecode.swift; path = LoginVC.swift; sourceTree = "<group>"; };
		721C7E902920ED840077793F /* LoginVC.xib */ = {isa = PBXFileReference; lastKnownFileType = file.xib; path = LoginVC.xib; sourceTree = "<group>"; };
		721C7E932920ED940077793F /* MenuVC.swift */ = {isa = PBXFileReference; lastKnownFileType = sourcecode.swift; path = MenuVC.swift; sourceTree = "<group>"; };
		721C7E942920ED940077793F /* MenuVC.xib */ = {isa = PBXFileReference; lastKnownFileType = file.xib; path = MenuVC.xib; sourceTree = "<group>"; };
		721C7E9C2920F20B0077793F /* GeneralSans-Medium.otf */ = {isa = PBXFileReference; lastKnownFileType = file; path = "GeneralSans-Medium.otf"; sourceTree = "<group>"; };
		721C7E9D2920F20B0077793F /* GeneralSans-Semibold.otf */ = {isa = PBXFileReference; lastKnownFileType = file; path = "GeneralSans-Semibold.otf"; sourceTree = "<group>"; };
		726AF3D329243CF300CBB12B /* QuestionDM.swift */ = {isa = PBXFileReference; lastKnownFileType = sourcecode.swift; path = QuestionDM.swift; sourceTree = "<group>"; };
		726DE5A329212DE30014FFA0 /* ex+UIView.swift */ = {isa = PBXFileReference; lastKnownFileType = sourcecode.swift; path = "ex+UIView.swift"; sourceTree = "<group>"; };
		726DE5A529212E830014FFA0 /* MainVC.swift */ = {isa = PBXFileReference; lastKnownFileType = sourcecode.swift; path = MainVC.swift; sourceTree = "<group>"; };
		726DE5A629212E830014FFA0 /* MainVC.xib */ = {isa = PBXFileReference; lastKnownFileType = file.xib; path = MainVC.xib; sourceTree = "<group>"; };
		AF73573A7CAB4C18E267717B /* Pods-Testmaster-App.release.xcconfig */ = {isa = PBXFileReference; includeInIndex = 1; lastKnownFileType = text.xcconfig; name = "Pods-Testmaster-App.release.xcconfig"; path = "Target Support Files/Pods-Testmaster-App/Pods-Testmaster-App.release.xcconfig"; sourceTree = "<group>"; };
		DE3826EB40F430B0F9A738A2 /* Pods-Testmaster-App.debug.xcconfig */ = {isa = PBXFileReference; includeInIndex = 1; lastKnownFileType = text.xcconfig; name = "Pods-Testmaster-App.debug.xcconfig"; path = "Target Support Files/Pods-Testmaster-App/Pods-Testmaster-App.debug.xcconfig"; sourceTree = "<group>"; };
/* End PBXFileReference section */

/* Begin PBXFrameworksBuildPhase section */
		721C7E742920EC980077793F /* Frameworks */ = {
			isa = PBXFrameworksBuildPhase;
			buildActionMask = 2147483647;
			files = (
				8963280912DAD6B8678A56F2 /* Pods_Testmaster_App.framework in Frameworks */,
			);
			runOnlyForDeploymentPostprocessing = 0;
		};
/* End PBXFrameworksBuildPhase section */

/* Begin PBXGroup section */
		63BF7776176F72361488F687 /* Pods */ = {
			isa = PBXGroup;
			children = (
				DE3826EB40F430B0F9A738A2 /* Pods-Testmaster-App.debug.xcconfig */,
				AF73573A7CAB4C18E267717B /* Pods-Testmaster-App.release.xcconfig */,
			);
			path = Pods;
			sourceTree = "<group>";
		};
		721C7E6E2920EC980077793F = {
			isa = PBXGroup;
			children = (
				721C7E792920EC980077793F /* Testmaster-App */,
				721C7E782920EC980077793F /* Products */,
				63BF7776176F72361488F687 /* Pods */,
				D8200B168EF11E5BA7B26742 /* Frameworks */,
			);
			sourceTree = "<group>";
		};
		721C7E782920EC980077793F /* Products */ = {
			isa = PBXGroup;
			children = (
				721C7E772920EC980077793F /* Testmaster-App.app */,
			);
			name = Products;
			sourceTree = "<group>";
		};
		721C7E792920EC980077793F /* Testmaster-App */ = {
			isa = PBXGroup;
			children = (
				726AF3D229243CDF00CBB12B /* DM */,
				726DE5A229212DCA0014FFA0 /* Extensions */,
				721C7E9B2920F20B0077793F /* Fonts */,
				721C7E8E2920ED510077793F /* VC */,
				721C7E7A2920EC980077793F /* AppDelegate.swift */,
				721C7E832920EC990077793F /* Assets.xcassets */,
				721C7E852920EC990077793F /* LaunchScreen.storyboard */,
				721C7E882920EC990077793F /* Info.plist */,
			);
			path = "Testmaster-App";
			sourceTree = "<group>";
		};
		721C7E8E2920ED510077793F /* VC */ = {
			isa = PBXGroup;
			children = (
				721C7E8F2920ED840077793F /* LoginVC.swift */,
				721C7E902920ED840077793F /* LoginVC.xib */,
				721C7E932920ED940077793F /* MenuVC.swift */,
				721C7E942920ED940077793F /* MenuVC.xib */,
				726DE5A529212E830014FFA0 /* MainVC.swift */,
				726DE5A629212E830014FFA0 /* MainVC.xib */,
			);
			path = VC;
			sourceTree = "<group>";
		};
		721C7E9B2920F20B0077793F /* Fonts */ = {
			isa = PBXGroup;
			children = (
				721C7E9C2920F20B0077793F /* GeneralSans-Medium.otf */,
				721C7E9D2920F20B0077793F /* GeneralSans-Semibold.otf */,
			);
			path = Fonts;
			sourceTree = "<group>";
		};
		726AF3D229243CDF00CBB12B /* DM */ = {
			isa = PBXGroup;
			children = (
				726AF3D329243CF300CBB12B /* QuestionDM.swift */,
			);
			path = DM;
			sourceTree = "<group>";
		};
		726DE5A229212DCA0014FFA0 /* Extensions */ = {
			isa = PBXGroup;
			children = (
				726DE5A329212DE30014FFA0 /* ex+UIView.swift */,
			);
			path = Extensions;
			sourceTree = "<group>";
		};
		D8200B168EF11E5BA7B26742 /* Frameworks */ = {
			isa = PBXGroup;
			children = (
				5BF830EE8DD2EDCBB54AC525 /* Pods_Testmaster_App.framework */,
			);
			name = Frameworks;
			sourceTree = "<group>";
		};
/* End PBXGroup section */

/* Begin PBXNativeTarget section */
		721C7E762920EC980077793F /* Testmaster-App */ = {
			isa = PBXNativeTarget;
			buildConfigurationList = 721C7E8B2920EC990077793F /* Build configuration list for PBXNativeTarget "Testmaster-App" */;
			buildPhases = (
				26FF1F31891E85E1BA4DE7CD /* [CP] Check Pods Manifest.lock */,
				721C7E732920EC980077793F /* Sources */,
				721C7E742920EC980077793F /* Frameworks */,
				721C7E752920EC980077793F /* Resources */,
				26B28D9350FB535654439B9F /* [CP] Embed Pods Frameworks */,
			);
			buildRules = (
			);
			dependencies = (
			);
			name = "Testmaster-App";
			productName = "Testmaster-App";
			productReference = 721C7E772920EC980077793F /* Testmaster-App.app */;
			productType = "com.apple.product-type.application";
		};
/* End PBXNativeTarget section */

/* Begin PBXProject section */
		721C7E6F2920EC980077793F /* Project object */ = {
			isa = PBXProject;
			attributes = {
				BuildIndependentTargetsInParallel = 1;
				LastSwiftUpdateCheck = 1410;
				LastUpgradeCheck = 1410;
				TargetAttributes = {
					721C7E762920EC980077793F = {
						CreatedOnToolsVersion = 14.1;
					};
				};
			};
			buildConfigurationList = 721C7E722920EC980077793F /* Build configuration list for PBXProject "Testmaster-App" */;
			compatibilityVersion = "Xcode 14.0";
			developmentRegion = en;
			hasScannedForEncodings = 0;
			knownRegions = (
				en,
				Base,
			);
			mainGroup = 721C7E6E2920EC980077793F;
			productRefGroup = 721C7E782920EC980077793F /* Products */;
			projectDirPath = "";
			projectRoot = "";
			targets = (
				721C7E762920EC980077793F /* Testmaster-App */,
			);
		};
/* End PBXProject section */

/* Begin PBXResourcesBuildPhase section */
		721C7E752920EC980077793F /* Resources */ = {
			isa = PBXResourcesBuildPhase;
			buildActionMask = 2147483647;
			files = (
				726DE5A829212E830014FFA0 /* MainVC.xib in Resources */,
				721C7E922920ED840077793F /* LoginVC.xib in Resources */,
				721C7E962920ED940077793F /* MenuVC.xib in Resources */,
				721C7E872920EC990077793F /* LaunchScreen.storyboard in Resources */,
				721C7E842920EC990077793F /* Assets.xcassets in Resources */,
			);
			runOnlyForDeploymentPostprocessing = 0;
		};
/* End PBXResourcesBuildPhase section */

/* Begin PBXShellScriptBuildPhase section */
		26B28D9350FB535654439B9F /* [CP] Embed Pods Frameworks */ = {
			isa = PBXShellScriptBuildPhase;
			buildActionMask = 2147483647;
			files = (
			);
			inputFileListPaths = (
				"${PODS_ROOT}/Target Support Files/Pods-Testmaster-App/Pods-Testmaster-App-frameworks-${CONFIGURATION}-input-files.xcfilelist",
			);
			name = "[CP] Embed Pods Frameworks";
			outputFileListPaths = (
				"${PODS_ROOT}/Target Support Files/Pods-Testmaster-App/Pods-Testmaster-App-frameworks-${CONFIGURATION}-output-files.xcfilelist",
			);
			runOnlyForDeploymentPostprocessing = 0;
			shellPath = /bin/sh;
			shellScript = "\"${PODS_ROOT}/Target Support Files/Pods-Testmaster-App/Pods-Testmaster-App-frameworks.sh\"\n";
			showEnvVarsInLog = 0;
		};
		26FF1F31891E85E1BA4DE7CD /* [CP] Check Pods Manifest.lock */ = {
			isa = PBXShellScriptBuildPhase;
			buildActionMask = 2147483647;
			files = (
			);
			inputFileListPaths = (
			);
			inputPaths = (
				"${PODS_PODFILE_DIR_PATH}/Podfile.lock",
				"${PODS_ROOT}/Manifest.lock",
			);
			name = "[CP] Check Pods Manifest.lock";
			outputFileListPaths = (
			);
			outputPaths = (
				"$(DERIVED_FILE_DIR)/Pods-Testmaster-App-checkManifestLockResult.txt",
			);
			runOnlyForDeploymentPostprocessing = 0;
			shellPath = /bin/sh;
			shellScript = "diff \"${PODS_PODFILE_DIR_PATH}/Podfile.lock\" \"${PODS_ROOT}/Manifest.lock\" > /dev/null\nif [ $? != 0 ] ; then\n    # print error to STDERR\n    echo \"error: The sandbox is not in sync with the Podfile.lock. Run 'pod install' or update your CocoaPods installation.\" >&2\n    exit 1\nfi\n# This output is used by Xcode 'outputs' to avoid re-running this script phase.\necho \"SUCCESS\" > \"${SCRIPT_OUTPUT_FILE_0}\"\n";
			showEnvVarsInLog = 0;
		};
/* End PBXShellScriptBuildPhase section */

/* Begin PBXSourcesBuildPhase section */
		721C7E732920EC980077793F /* Sources */ = {
			isa = PBXSourcesBuildPhase;
			buildActionMask = 2147483647;
			files = (
				721C7E912920ED840077793F /* LoginVC.swift in Sources */,
				726DE5A729212E830014FFA0 /* MainVC.swift in Sources */,
				726AF3D429243CF300CBB12B /* QuestionDM.swift in Sources */,
				721C7E7B2920EC980077793F /* AppDelegate.swift in Sources */,
				721C7E952920ED940077793F /* MenuVC.swift in Sources */,
				726DE5A429212DE30014FFA0 /* ex+UIView.swift in Sources */,
			);
			runOnlyForDeploymentPostprocessing = 0;
		};
/* End PBXSourcesBuildPhase section */

/* Begin PBXVariantGroup section */
		721C7E852920EC990077793F /* LaunchScreen.storyboard */ = {
			isa = PBXVariantGroup;
			children = (
				721C7E862920EC990077793F /* Base */,
			);
			name = LaunchScreen.storyboard;
			sourceTree = "<group>";
		};
/* End PBXVariantGroup section */

/* Begin XCBuildConfiguration section */
		721C7E892920EC990077793F /* Debug */ = {
			isa = XCBuildConfiguration;
			buildSettings = {
				ALWAYS_SEARCH_USER_PATHS = NO;
				CLANG_ANALYZER_NONNULL = YES;
				CLANG_ANALYZER_NUMBER_OBJECT_CONVERSION = YES_AGGRESSIVE;
				CLANG_CXX_LANGUAGE_STANDARD = "gnu++20";
				CLANG_ENABLE_MODULES = YES;
				CLANG_ENABLE_OBJC_ARC = YES;
				CLANG_ENABLE_OBJC_WEAK = YES;
				CLANG_WARN_BLOCK_CAPTURE_AUTORELEASING = YES;
				CLANG_WARN_BOOL_CONVERSION = YES;
				CLANG_WARN_COMMA = YES;
				CLANG_WARN_CONSTANT_CONVERSION = YES;
				CLANG_WARN_DEPRECATED_OBJC_IMPLEMENTATIONS = YES;
				CLANG_WARN_DIRECT_OBJC_ISA_USAGE = YES_ERROR;
				CLANG_WARN_DOCUMENTATION_COMMENTS = YES;
				CLANG_WARN_EMPTY_BODY = YES;
				CLANG_WARN_ENUM_CONVERSION = YES;
				CLANG_WARN_INFINITE_RECURSION = YES;
				CLANG_WARN_INT_CONVERSION = YES;
				CLANG_WARN_NON_LITERAL_NULL_CONVERSION = YES;
				CLANG_WARN_OBJC_IMPLICIT_RETAIN_SELF = YES;
				CLANG_WARN_OBJC_LITERAL_CONVERSION = YES;
				CLANG_WARN_OBJC_ROOT_CLASS = YES_ERROR;
				CLANG_WARN_QUOTED_INCLUDE_IN_FRAMEWORK_HEADER = YES;
				CLANG_WARN_RANGE_LOOP_ANALYSIS = YES;
				CLANG_WARN_STRICT_PROTOTYPES = YES;
				CLANG_WARN_SUSPICIOUS_MOVE = YES;
				CLANG_WARN_UNGUARDED_AVAILABILITY = YES_AGGRESSIVE;
				CLANG_WARN_UNREACHABLE_CODE = YES;
				CLANG_WARN__DUPLICATE_METHOD_MATCH = YES;
				COPY_PHASE_STRIP = NO;
				DEBUG_INFORMATION_FORMAT = dwarf;
				ENABLE_STRICT_OBJC_MSGSEND = YES;
				ENABLE_TESTABILITY = YES;
				GCC_C_LANGUAGE_STANDARD = gnu11;
				GCC_DYNAMIC_NO_PIC = NO;
				GCC_NO_COMMON_BLOCKS = YES;
				GCC_OPTIMIZATION_LEVEL = 0;
				GCC_PREPROCESSOR_DEFINITIONS = (
					"DEBUG=1",
					"$(inherited)",
				);
				GCC_WARN_64_TO_32_BIT_CONVERSION = YES;
				GCC_WARN_ABOUT_RETURN_TYPE = YES_ERROR;
				GCC_WARN_UNDECLARED_SELECTOR = YES;
				GCC_WARN_UNINITIALIZED_AUTOS = YES_AGGRESSIVE;
				GCC_WARN_UNUSED_FUNCTION = YES;
				GCC_WARN_UNUSED_VARIABLE = YES;
				IPHONEOS_DEPLOYMENT_TARGET = 13.0;
				MTL_ENABLE_DEBUG_INFO = INCLUDE_SOURCE;
				MTL_FAST_MATH = YES;
				ONLY_ACTIVE_ARCH = YES;
				SDKROOT = iphoneos;
				SWIFT_ACTIVE_COMPILATION_CONDITIONS = DEBUG;
				SWIFT_OPTIMIZATION_LEVEL = "-Onone";
			};
			name = Debug;
		};
		721C7E8A2920EC990077793F /* Release */ = {
			isa = XCBuildConfiguration;
			buildSettings = {
				ALWAYS_SEARCH_USER_PATHS = NO;
				CLANG_ANALYZER_NONNULL = YES;
				CLANG_ANALYZER_NUMBER_OBJECT_CONVERSION = YES_AGGRESSIVE;
				CLANG_CXX_LANGUAGE_STANDARD = "gnu++20";
				CLANG_ENABLE_MODULES = YES;
				CLANG_ENABLE_OBJC_ARC = YES;
				CLANG_ENABLE_OBJC_WEAK = YES;
				CLANG_WARN_BLOCK_CAPTURE_AUTORELEASING = YES;
				CLANG_WARN_BOOL_CONVERSION = YES;
				CLANG_WARN_COMMA = YES;
				CLANG_WARN_CONSTANT_CONVERSION = YES;
				CLANG_WARN_DEPRECATED_OBJC_IMPLEMENTATIONS = YES;
				CLANG_WARN_DIRECT_OBJC_ISA_USAGE = YES_ERROR;
				CLANG_WARN_DOCUMENTATION_COMMENTS = YES;
				CLANG_WARN_EMPTY_BODY = YES;
				CLANG_WARN_ENUM_CONVERSION = YES;
				CLANG_WARN_INFINITE_RECURSION = YES;
				CLANG_WARN_INT_CONVERSION = YES;
				CLANG_WARN_NON_LITERAL_NULL_CONVERSION = YES;
				CLANG_WARN_OBJC_IMPLICIT_RETAIN_SELF = YES;
				CLANG_WARN_OBJC_LITERAL_CONVERSION = YES;
				CLANG_WARN_OBJC_ROOT_CLASS = YES_ERROR;
				CLANG_WARN_QUOTED_INCLUDE_IN_FRAMEWORK_HEADER = YES;
				CLANG_WARN_RANGE_LOOP_ANALYSIS = YES;
				CLANG_WARN_STRICT_PROTOTYPES = YES;
				CLANG_WARN_SUSPICIOUS_MOVE = YES;
				CLANG_WARN_UNGUARDED_AVAILABILITY = YES_AGGRESSIVE;
				CLANG_WARN_UNREACHABLE_CODE = YES;
				CLANG_WARN__DUPLICATE_METHOD_MATCH = YES;
				COPY_PHASE_STRIP = NO;
				DEBUG_INFORMATION_FORMAT = "dwarf-with-dsym";
				ENABLE_NS_ASSERTIONS = NO;
				ENABLE_STRICT_OBJC_MSGSEND = YES;
				GCC_C_LANGUAGE_STANDARD = gnu11;
				GCC_NO_COMMON_BLOCKS = YES;
				GCC_WARN_64_TO_32_BIT_CONVERSION = YES;
				GCC_WARN_ABOUT_RETURN_TYPE = YES_ERROR;
				GCC_WARN_UNDECLARED_SELECTOR = YES;
				GCC_WARN_UNINITIALIZED_AUTOS = YES_AGGRESSIVE;
				GCC_WARN_UNUSED_FUNCTION = YES;
				GCC_WARN_UNUSED_VARIABLE = YES;
				IPHONEOS_DEPLOYMENT_TARGET = 13.0;
				MTL_ENABLE_DEBUG_INFO = NO;
				MTL_FAST_MATH = YES;
				SDKROOT = iphoneos;
				SWIFT_COMPILATION_MODE = wholemodule;
				SWIFT_OPTIMIZATION_LEVEL = "-O";
				VALIDATE_PRODUCT = YES;
			};
			name = Release;
		};
		721C7E8C2920EC990077793F /* Debug */ = {
			isa = XCBuildConfiguration;
			baseConfigurationReference = DE3826EB40F430B0F9A738A2 /* Pods-Testmaster-App.debug.xcconfig */;
			buildSettings = {
				ASSETCATALOG_COMPILER_APPICON_NAME = AppIcon;
				ASSETCATALOG_COMPILER_GLOBAL_ACCENT_COLOR_NAME = AccentColor;
				CODE_SIGN_STYLE = Automatic;
				CURRENT_PROJECT_VERSION = 1;
				DEVELOPMENT_TEAM = Y4A7N7GK38;
				GENERATE_INFOPLIST_FILE = YES;
				INFOPLIST_FILE = "Testmaster-App/Info.plist";
				INFOPLIST_KEY_CFBundleDisplayName = Testmaster;
				INFOPLIST_KEY_LSApplicationCategoryType = "public.app-category.education";
				INFOPLIST_KEY_UIApplicationSupportsIndirectInputEvents = YES;
				INFOPLIST_KEY_UILaunchStoryboardName = LaunchScreen;
				INFOPLIST_KEY_UIMainStoryboardFile = "";
				INFOPLIST_KEY_UISupportedInterfaceOrientations_iPad = "UIInterfaceOrientationPortrait UIInterfaceOrientationPortraitUpsideDown UIInterfaceOrientationLandscapeLeft UIInterfaceOrientationLandscapeRight";
				INFOPLIST_KEY_UISupportedInterfaceOrientations_iPhone = "UIInterfaceOrientationPortrait UIInterfaceOrientationLandscapeLeft UIInterfaceOrientationLandscapeRight";
				IPHONEOS_DEPLOYMENT_TARGET = 13.0;
				LD_RUNPATH_SEARCH_PATHS = (
					"$(inherited)",
					"@executable_path/Frameworks",
				);
				MARKETING_VERSION = 1.0;
				PRODUCT_BUNDLE_IDENTIFIER = "com.humbledev.Testmaster-App";
				PRODUCT_NAME = "$(TARGET_NAME)";
				SWIFT_EMIT_LOC_STRINGS = YES;
				SWIFT_VERSION = 5.0;
				TARGETED_DEVICE_FAMILY = 1;
			};
			name = Debug;
		};
		721C7E8D2920EC990077793F /* Release */ = {
			isa = XCBuildConfiguration;
			baseConfigurationReference = AF73573A7CAB4C18E267717B /* Pods-Testmaster-App.release.xcconfig */;
			buildSettings = {
				ASSETCATALOG_COMPILER_APPICON_NAME = AppIcon;
				ASSETCATALOG_COMPILER_GLOBAL_ACCENT_COLOR_NAME = AccentColor;
				CODE_SIGN_STYLE = Automatic;
				CURRENT_PROJECT_VERSION = 1;
				DEVELOPMENT_TEAM = Y4A7N7GK38;
				GENERATE_INFOPLIST_FILE = YES;
				INFOPLIST_FILE = "Testmaster-App/Info.plist";
				INFOPLIST_KEY_CFBundleDisplayName = Testmaster;
				INFOPLIST_KEY_LSApplicationCategoryType = "public.app-category.education";
				INFOPLIST_KEY_UIApplicationSupportsIndirectInputEvents = YES;
				INFOPLIST_KEY_UILaunchStoryboardName = LaunchScreen;
				INFOPLIST_KEY_UIMainStoryboardFile = "";
				INFOPLIST_KEY_UISupportedInterfaceOrientations_iPad = "UIInterfaceOrientationPortrait UIInterfaceOrientationPortraitUpsideDown UIInterfaceOrientationLandscapeLeft UIInterfaceOrientationLandscapeRight";
				INFOPLIST_KEY_UISupportedInterfaceOrientations_iPhone = "UIInterfaceOrientationPortrait UIInterfaceOrientationLandscapeLeft UIInterfaceOrientationLandscapeRight";
				IPHONEOS_DEPLOYMENT_TARGET = 13.0;
				LD_RUNPATH_SEARCH_PATHS = (
					"$(inherited)",
					"@executable_path/Frameworks",
				);
				MARKETING_VERSION = 1.0;
				PRODUCT_BUNDLE_IDENTIFIER = "com.humbledev.Testmaster-App";
				PRODUCT_NAME = "$(TARGET_NAME)";
				SWIFT_EMIT_LOC_STRINGS = YES;
				SWIFT_VERSION = 5.0;
				TARGETED_DEVICE_FAMILY = 1;
			};
			name = Release;
		};
/* End XCBuildConfiguration section */

/* Begin XCConfigurationList section */
		721C7E722920EC980077793F /* Build configuration list for PBXProject "Testmaster-App" */ = {
			isa = XCConfigurationList;
			buildConfigurations = (
				721C7E892920EC990077793F /* Debug */,
				721C7E8A2920EC990077793F /* Release */,
			);
			defaultConfigurationIsVisible = 0;
			defaultConfigurationName = Release;
		};
		721C7E8B2920EC990077793F /* Build configuration list for PBXNativeTarget "Testmaster-App" */ = {
			isa = XCConfigurationList;
			buildConfigurations = (
				721C7E8C2920EC990077793F /* Debug */,
				721C7E8D2920EC990077793F /* Release */,
			);
			defaultConfigurationIsVisible = 0;
			defaultConfigurationName = Release;
		};
/* End XCConfigurationList section */
	};
	rootObject = 721C7E6F2920EC980077793F /* Project object */;
}
